
Microsoft Visual Studio Solution File, Format Version 12.00
# Visual Studio 15
VisualStudioVersion = 15.0.27428.2037
MinimumVisualStudioVersion = 10.0.40219.1
Project("{9A19103F-16F7-4668-BE54-9A1E7A4F7556}") = "SD.IOC.Core", "src\SD.IOC.Core\SD.IOC.Core.csproj", "{E91F76C2-6D78-49D9-9B79-4468C8C4CF43}"
EndProject
Project("{FAE04EC0-301F-11D3-BF4B-00C04F79EFBC}") = "SD.IOC.Extension.NetFx", "src\SD.IOC.Extension.NetFx\SD.IOC.Extension.NetFx.csproj", "{55996AA7-9261-4C05-92CA-1CAD926F9D3A}"
EndProject
Project("{9A19103F-16F7-4668-BE54-9A1E7A4F7556}") = "SD.IOC.Extension.NetCore", "src\SD.IOC.Extension.NetCore\SD.IOC.Extension.NetCore.csproj", "{918D2F13-685D-4084-9B16-AC9372CCC3FA}"
EndProject
Project("{9A19103F-16F7-4668-BE54-9A1E7A4F7556}") = "SD.IOC.Extension.NetCore.ServiceModel", "src\SD.IOC.Extension.NetCore.ServiceModel\SD.IOC.Extension.NetCore.ServiceModel.csproj", "{C2DA61F3-C3CA-4016-A6A0-747FFC4781C2}"
EndProject
Project("{2150E333-8FDC-42A3-9474-1A3956D46DE8}") = "00 - Documentations", "00 - Documentations", "{FAF98258-94B5-4A9D-861C-21C6DE4CDBD0}"
	ProjectSection(SolutionItems) = preProject
		README.md = README.md
	EndProjectSection
EndProject
Project("{2150E333-8FDC-42A3-9474-1A3956D46DE8}") = "01 - Core", "01 - Core", "{2524AEF4-0C8C-4D5F-A3F6-0668A87A7846}"
EndProject
Project("{2150E333-8FDC-42A3-9474-1A3956D46DE8}") = "02 - Extensions", "02 - Extensions", "{FD486D7B-9D15-4D28-90AB-FAD36D5BC2B4}"
EndProject
Project("{2150E333-8FDC-42A3-9474-1A3956D46DE8}") = "03 - Integrations", "03 - Integrations", "{1DEE5D3E-2A06-4A8F-B3A1-50E5837F1DE6}"
EndProject
Project("{FAE04EC0-301F-11D3-BF4B-00C04F79EFBC}") = "SD.IOC.Integration.MVC", "src\SD.IOC.Integration.MVC\SD.IOC.Integration.MVC.csproj", "{A055DC24-C2D0-4401-9AFB-0EDC3FCAC469}"
EndProject
Project("{FAE04EC0-301F-11D3-BF4B-00C04F79EFBC}") = "SD.IOC.Integration.WCF", "src\SD.IOC.Integration.WCF\SD.IOC.Integration.WCF.csproj", "{6DF15F4A-2CE8-468C-A659-49650C4C01C7}"
EndProject
Project("{FAE04EC0-301F-11D3-BF4B-00C04F79EFBC}") = "SD.IOC.Integration.WebApi", "src\SD.IOC.Integration.WebApi\SD.IOC.Integration.WebApi.csproj", "{0F47A784-7B75-4B2E-8F61-7B150C62C159}"
EndProject
Project("{2150E333-8FDC-42A3-9474-1A3956D46DE8}") = "04 - Tests", "04 - Tests", "{AEB77889-D78D-49AB-8975-009AAD182247}"
EndProject
Project("{2150E333-8FDC-42A3-9474-1A3956D46DE8}") = "01 - Stubs", "01 - Stubs", "{6CBA3DFC-A785-48E4-9D49-26F665D3CAAF}"
EndProject
Project("{2150E333-8FDC-42A3-9474-1A3956D46DE8}") = "02 - UnitTests", "02 - UnitTests", "{F4A1ABBD-A9EB-4831-8DDC-CE1118BD335A}"
EndProject
Project("{2150E333-8FDC-42A3-9474-1A3956D46DE8}") = "03 - IntegrationTests", "03 - IntegrationTests", "{B1781AEB-2119-490D-A618-0CC26C2E58D7}"
EndProject
Project("{FAE04EC0-301F-11D3-BF4B-00C04F79EFBC}") = "SD.IOC.StubInterface", "tests\SD.IOC.StubInterface\SD.IOC.StubInterface.csproj", "{04BFA4D7-86C8-4341-B34C-3F1D88D19827}"
EndProject
Project("{FAE04EC0-301F-11D3-BF4B-00C04F79EFBC}") = "SD.IOC.StubImplement", "tests\SD.IOC.StubImplement\SD.IOC.StubImplement.csproj", "{B8698D54-2A18-45C3-A390-F1885E56F5A0}"
EndProject
Project("{FAE04EC0-301F-11D3-BF4B-00C04F79EFBC}") = "SD.IOC.Core.Tests", "tests\SD.IOC.Core.Tests\SD.IOC.Core.Tests.csproj", "{C3129779-5C2F-4A43-BD2A-250DF71AF069}"
EndProject
Project("{FAE04EC0-301F-11D3-BF4B-00C04F79EFBC}") = "SD.IOC.Integration.MVC.Tests", "tests\SD.IOC.Integration.MVC.Tests\SD.IOC.Integration.MVC.Tests.csproj", "{7BBFCE82-2CBE-46AA-B108-7C5C736E4D8A}"
EndProject
Project("{FAE04EC0-301F-11D3-BF4B-00C04F79EFBC}") = "SD.IOC.Integration.WebApi.Tests", "tests\SD.IOC.Integration.WebApi.Tests\SD.IOC.Integration.WebApi.Tests.csproj", "{CEAA98F3-5246-4CD5-BC76-EEAD14D94F94}"
EndProject
Project("{FAE04EC0-301F-11D3-BF4B-00C04F79EFBC}") = "SD.IOC.Extension.NetFx.Tests", "tests\SD.IOC.Extension.NetFx.Tests\SD.IOC.Extension.NetFx.Tests.csproj", "{A73448B8-196D-4311-8BB1-B729877233A5}"
EndProject
Project("{9A19103F-16F7-4668-BE54-9A1E7A4F7556}") = "SD.IOC.Extension.NetCore.Tests", "tests\SD.IOC.Extension.NetCore.Tests\SD.IOC.Extension.NetCore.Tests.csproj", "{1C7D5C7D-3B8A-45B0-AF60-BE9509D229F6}"
EndProject
Project("{9A19103F-16F7-4668-BE54-9A1E7A4F7556}") = "SD.IOC.Extension.NetCore.ServiceModel.Tests", "tests\SD.IOC.Extension.NetCore.ServiceModel.Tests\SD.IOC.Extension.NetCore.ServiceModel.Tests.csproj", "{039DACAD-246D-4E8B-B474-E8AF45DE7D54}"
EndProject
Project("{9A19103F-16F7-4668-BE54-9A1E7A4F7556}") = "SD.IOC.Integration.AspNetCore.Tests", "tests\SD.IOC.Integration.AspNetCore.Tests\SD.IOC.Integration.AspNetCore.Tests.csproj", "{730D167A-585D-4193-A28B-C77088BB98B1}"
EndProject
Project("{FAE04EC0-301F-11D3-BF4B-00C04F79EFBC}") = "SD.IOC.Integration.WCF.Tests", "tests\SD.IOC.Integration.WCF.Tests\SD.IOC.Integration.WCF.Tests.csproj", "{5211FFE2-D43D-4325-9836-FEAAD6B33CCC}"
EndProject
Global
	GlobalSection(SolutionConfigurationPlatforms) = preSolution
		Debug|Any CPU = Debug|Any CPU
		Release|Any CPU = Release|Any CPU
	EndGlobalSection
	GlobalSection(ProjectConfigurationPlatforms) = postSolution
		{E91F76C2-6D78-49D9-9B79-4468C8C4CF43}.Debug|Any CPU.ActiveCfg = Debug|Any CPU
		{E91F76C2-6D78-49D9-9B79-4468C8C4CF43}.Debug|Any CPU.Build.0 = Debug|Any CPU
		{E91F76C2-6D78-49D9-9B79-4468C8C4CF43}.Release|Any CPU.ActiveCfg = Release|Any CPU
		{E91F76C2-6D78-49D9-9B79-4468C8C4CF43}.Release|Any CPU.Build.0 = Release|Any CPU
		{55996AA7-9261-4C05-92CA-1CAD926F9D3A}.Debug|Any CPU.ActiveCfg = Debug|Any CPU
		{55996AA7-9261-4C05-92CA-1CAD926F9D3A}.Debug|Any CPU.Build.0 = Debug|Any CPU
		{55996AA7-9261-4C05-92CA-1CAD926F9D3A}.Release|Any CPU.ActiveCfg = Release|Any CPU
		{55996AA7-9261-4C05-92CA-1CAD926F9D3A}.Release|Any CPU.Build.0 = Release|Any CPU
		{918D2F13-685D-4084-9B16-AC9372CCC3FA}.Debug|Any CPU.ActiveCfg = Debug|Any CPU
		{918D2F13-685D-4084-9B16-AC9372CCC3FA}.Debug|Any CPU.Build.0 = Debug|Any CPU
		{918D2F13-685D-4084-9B16-AC9372CCC3FA}.Release|Any CPU.ActiveCfg = Release|Any CPU
		{918D2F13-685D-4084-9B16-AC9372CCC3FA}.Release|Any CPU.Build.0 = Release|Any CPU
		{C2DA61F3-C3CA-4016-A6A0-747FFC4781C2}.Debug|Any CPU.ActiveCfg = Debug|Any CPU
		{C2DA61F3-C3CA-4016-A6A0-747FFC4781C2}.Debug|Any CPU.Build.0 = Debug|Any CPU
		{C2DA61F3-C3CA-4016-A6A0-747FFC4781C2}.Release|Any CPU.ActiveCfg = Release|Any CPU
		{C2DA61F3-C3CA-4016-A6A0-747FFC4781C2}.Release|Any CPU.Build.0 = Release|Any CPU
		{A055DC24-C2D0-4401-9AFB-0EDC3FCAC469}.Debug|Any CPU.ActiveCfg = Debug|Any CPU
		{A055DC24-C2D0-4401-9AFB-0EDC3FCAC469}.Debug|Any CPU.Build.0 = Debug|Any CPU
		{A055DC24-C2D0-4401-9AFB-0EDC3FCAC469}.Release|Any CPU.ActiveCfg = Release|Any CPU
		{A055DC24-C2D0-4401-9AFB-0EDC3FCAC469}.Release|Any CPU.Build.0 = Release|Any CPU
		{6DF15F4A-2CE8-468C-A659-49650C4C01C7}.Debug|Any CPU.ActiveCfg = Debug|Any CPU
		{6DF15F4A-2CE8-468C-A659-49650C4C01C7}.Debug|Any CPU.Build.0 = Debug|Any CPU
		{6DF15F4A-2CE8-468C-A659-49650C4C01C7}.Release|Any CPU.ActiveCfg = Release|Any CPU
		{6DF15F4A-2CE8-468C-A659-49650C4C01C7}.Release|Any CPU.Build.0 = Release|Any CPU
		{0F47A784-7B75-4B2E-8F61-7B150C62C159}.Debug|Any CPU.ActiveCfg = Debug|Any CPU
		{0F47A784-7B75-4B2E-8F61-7B150C62C159}.Debug|Any CPU.Build.0 = Debug|Any CPU
		{0F47A784-7B75-4B2E-8F61-7B150C62C159}.Release|Any CPU.ActiveCfg = Release|Any CPU
		{0F47A784-7B75-4B2E-8F61-7B150C62C159}.Release|Any CPU.Build.0 = Release|Any CPU
		{04BFA4D7-86C8-4341-B34C-3F1D88D19827}.Debug|Any CPU.ActiveCfg = Debug|Any CPU
		{04BFA4D7-86C8-4341-B34C-3F1D88D19827}.Debug|Any CPU.Build.0 = Debug|Any CPU
		{04BFA4D7-86C8-4341-B34C-3F1D88D19827}.Release|Any CPU.ActiveCfg = Release|Any CPU
		{04BFA4D7-86C8-4341-B34C-3F1D88D19827}.Release|Any CPU.Build.0 = Release|Any CPU
		{B8698D54-2A18-45C3-A390-F1885E56F5A0}.Debug|Any CPU.ActiveCfg = Debug|Any CPU
		{B8698D54-2A18-45C3-A390-F1885E56F5A0}.Debug|Any CPU.Build.0 = Debug|Any CPU
		{B8698D54-2A18-45C3-A390-F1885E56F5A0}.Release|Any CPU.ActiveCfg = Release|Any CPU
		{B8698D54-2A18-45C3-A390-F1885E56F5A0}.Release|Any CPU.Build.0 = Release|Any CPU
		{C3129779-5C2F-4A43-BD2A-250DF71AF069}.Debug|Any CPU.ActiveCfg = Debug|Any CPU
		{C3129779-5C2F-4A43-BD2A-250DF71AF069}.Debug|Any CPU.Build.0 = Debug|Any CPU
		{C3129779-5C2F-4A43-BD2A-250DF71AF069}.Release|Any CPU.ActiveCfg = Release|Any CPU
		{C3129779-5C2F-4A43-BD2A-250DF71AF069}.Release|Any CPU.Build.0 = Release|Any CPU
		{7BBFCE82-2CBE-46AA-B108-7C5C736E4D8A}.Debug|Any CPU.ActiveCfg = Debug|Any CPU
		{7BBFCE82-2CBE-46AA-B108-7C5C736E4D8A}.Debug|Any CPU.Build.0 = Debug|Any CPU
		{7BBFCE82-2CBE-46AA-B108-7C5C736E4D8A}.Release|Any CPU.ActiveCfg = Release|Any CPU
		{7BBFCE82-2CBE-46AA-B108-7C5C736E4D8A}.Release|Any CPU.Build.0 = Release|Any CPU
		{CEAA98F3-5246-4CD5-BC76-EEAD14D94F94}.Debug|Any CPU.ActiveCfg = Debug|Any CPU
		{CEAA98F3-5246-4CD5-BC76-EEAD14D94F94}.Debug|Any CPU.Build.0 = Debug|Any CPU
		{CEAA98F3-5246-4CD5-BC76-EEAD14D94F94}.Release|Any CPU.ActiveCfg = Release|Any CPU
		{CEAA98F3-5246-4CD5-BC76-EEAD14D94F94}.Release|Any CPU.Build.0 = Release|Any CPU
		{A73448B8-196D-4311-8BB1-B729877233A5}.Debug|Any CPU.ActiveCfg = Debug|Any CPU
		{A73448B8-196D-4311-8BB1-B729877233A5}.Debug|Any CPU.Build.0 = Debug|Any CPU
		{A73448B8-196D-4311-8BB1-B729877233A5}.Release|Any CPU.ActiveCfg = Release|Any CPU
		{A73448B8-196D-4311-8BB1-B729877233A5}.Release|Any CPU.Build.0 = Release|Any CPU
		{1C7D5C7D-3B8A-45B0-AF60-BE9509D229F6}.Debug|Any CPU.ActiveCfg = Debug|Any CPU
		{1C7D5C7D-3B8A-45B0-AF60-BE9509D229F6}.Debug|Any CPU.Build.0 = Debug|Any CPU
		{1C7D5C7D-3B8A-45B0-AF60-BE9509D229F6}.Release|Any CPU.ActiveCfg = Release|Any CPU
		{1C7D5C7D-3B8A-45B0-AF60-BE9509D229F6}.Release|Any CPU.Build.0 = Release|Any CPU
		{039DACAD-246D-4E8B-B474-E8AF45DE7D54}.Debug|Any CPU.ActiveCfg = Debug|Any CPU
		{039DACAD-246D-4E8B-B474-E8AF45DE7D54}.Debug|Any CPU.Build.0 = Debug|Any CPU
		{039DACAD-246D-4E8B-B474-E8AF45DE7D54}.Release|Any CPU.ActiveCfg = Release|Any CPU
		{039DACAD-246D-4E8B-B474-E8AF45DE7D54}.Release|Any CPU.Build.0 = Release|Any CPU
		{730D167A-585D-4193-A28B-C77088BB98B1}.Debug|Any CPU.ActiveCfg = Debug|Any CPU
		{730D167A-585D-4193-A28B-C77088BB98B1}.Debug|Any CPU.Build.0 = Debug|Any CPU
		{730D167A-585D-4193-A28B-C77088BB98B1}.Release|Any CPU.ActiveCfg = Release|Any CPU
		{730D167A-585D-4193-A28B-C77088BB98B1}.Release|Any CPU.Build.0 = Release|Any CPU
		{5211FFE2-D43D-4325-9836-FEAAD6B33CCC}.Debug|Any CPU.ActiveCfg = Debug|Any CPU
		{5211FFE2-D43D-4325-9836-FEAAD6B33CCC}.Debug|Any CPU.Build.0 = Debug|Any CPU
		{5211FFE2-D43D-4325-9836-FEAAD6B33CCC}.Release|Any CPU.ActiveCfg = Release|Any CPU
		{5211FFE2-D43D-4325-9836-FEAAD6B33CCC}.Release|Any CPU.Build.0 = Release|Any CPU
	EndGlobalSection
	GlobalSection(SolutionProperties) = preSolution
		HideSolutionNode = FALSE
	EndGlobalSection
	GlobalSection(NestedProjects) = preSolution
		{E91F76C2-6D78-49D9-9B79-4468C8C4CF43} = {2524AEF4-0C8C-4D5F-A3F6-0668A87A7846}
		{55996AA7-9261-4C05-92CA-1CAD926F9D3A} = {FD486D7B-9D15-4D28-90AB-FAD36D5BC2B4}
		{918D2F13-685D-4084-9B16-AC9372CCC3FA} = {FD486D7B-9D15-4D28-90AB-FAD36D5BC2B4}
		{C2DA61F3-C3CA-4016-A6A0-747FFC4781C2} = {FD486D7B-9D15-4D28-90AB-FAD36D5BC2B4}
		{A055DC24-C2D0-4401-9AFB-0EDC3FCAC469} = {1DEE5D3E-2A06-4A8F-B3A1-50E5837F1DE6}
		{6DF15F4A-2CE8-468C-A659-49650C4C01C7} = {1DEE5D3E-2A06-4A8F-B3A1-50E5837F1DE6}
		{0F47A784-7B75-4B2E-8F61-7B150C62C159} = {1DEE5D3E-2A06-4A8F-B3A1-50E5837F1DE6}
		{6CBA3DFC-A785-48E4-9D49-26F665D3CAAF} = {AEB77889-D78D-49AB-8975-009AAD182247}
		{F4A1ABBD-A9EB-4831-8DDC-CE1118BD335A} = {AEB77889-D78D-49AB-8975-009AAD182247}
		{B1781AEB-2119-490D-A618-0CC26C2E58D7} = {AEB77889-D78D-49AB-8975-009AAD182247}
		{04BFA4D7-86C8-4341-B34C-3F1D88D19827} = {6CBA3DFC-A785-48E4-9D49-26F665D3CAAF}
		{B8698D54-2A18-45C3-A390-F1885E56F5A0} = {6CBA3DFC-A785-48E4-9D49-26F665D3CAAF}
		{C3129779-5C2F-4A43-BD2A-250DF71AF069} = {F4A1ABBD-A9EB-4831-8DDC-CE1118BD335A}
		{7BBFCE82-2CBE-46AA-B108-7C5C736E4D8A} = {B1781AEB-2119-490D-A618-0CC26C2E58D7}
		{CEAA98F3-5246-4CD5-BC76-EEAD14D94F94} = {B1781AEB-2119-490D-A618-0CC26C2E58D7}
		{A73448B8-196D-4311-8BB1-B729877233A5} = {F4A1ABBD-A9EB-4831-8DDC-CE1118BD335A}
		{1C7D5C7D-3B8A-45B0-AF60-BE9509D229F6} = {F4A1ABBD-A9EB-4831-8DDC-CE1118BD335A}
		{039DACAD-246D-4E8B-B474-E8AF45DE7D54} = {F4A1ABBD-A9EB-4831-8DDC-CE1118BD335A}
		{730D167A-585D-4193-A28B-C77088BB98B1} = {B1781AEB-2119-490D-A618-0CC26C2E58D7}
		{5211FFE2-D43D-4325-9836-FEAAD6B33CCC} = {B1781AEB-2119-490D-A618-0CC26C2E58D7}
	EndGlobalSection
	GlobalSection(ExtensibilityGlobals) = postSolution
		SolutionGuid = {CD95B872-DF79-44C3-A683-DB1E2AD7B243}
	EndGlobalSection
EndGlobal
