
Microsoft Visual Studio Solution File, Format Version 12.00
# Visual Studio 2013
VisualStudioVersion = 12.0.40629.0
MinimumVisualStudioVersion = 10.0.40219.1
Project("{2150E333-8FDC-42A3-9474-1A3956D46DE8}") = ".nuget", ".nuget", "{FF4ABECC-5097-4064-95CA-9BF579AEE43C}"
	ProjectSection(SolutionItems) = preProject
		.nuget\NuGet.Config = .nuget\NuGet.Config
		.nuget\NuGet.exe = .nuget\NuGet.exe
		.nuget\NuGet.targets = .nuget\NuGet.targets
	EndProjectSection
EndProject
Project("{FAE04EC0-301F-11D3-BF4B-00C04F79EFBC}") = "SD.IOC.StubInterface", "SD.IOC.StubInterface\SD.IOC.StubInterface.csproj", "{04BFA4D7-86C8-4341-B34C-3F1D88D19827}"
EndProject
Project("{FAE04EC0-301F-11D3-BF4B-00C04F79EFBC}") = "SD.IOC.Core", "SD.IOC.Core\SD.IOC.Core.csproj", "{891D9124-0462-4841-B1F6-8FFF2FD0B7BE}"
EndProject
Project("{FAE04EC0-301F-11D3-BF4B-00C04F79EFBC}") = "SD.IOC.CoreTests", "SD.IOC.CoreTests\SD.IOC.CoreTests.csproj", "{C3129779-5C2F-4A43-BD2A-250DF71AF069}"
EndProject
Project("{FAE04EC0-301F-11D3-BF4B-00C04F79EFBC}") = "SD.IOC.UnityProvider", "SD.IOC.UnityProvider\SD.IOC.UnityProvider.csproj", "{B97B2940-B1AF-412E-8C6B-25BA148324BE}"
EndProject
Project("{2150E333-8FDC-42A3-9474-1A3956D46DE8}") = "01 - Core", "01 - Core", "{93B7797F-9749-4A3E-B5D9-7FA5EC2F871D}"
EndProject
Project("{2150E333-8FDC-42A3-9474-1A3956D46DE8}") = "02 - Providers", "02 - Providers", "{4BAAFFA2-5951-4C37-965E-74A2BD9C3542}"
EndProject
Project("{2150E333-8FDC-42A3-9474-1A3956D46DE8}") = "03 - Integrations", "03 - Integrations", "{B583B9B8-0247-4CC5-BD19-74D268E2C37D}"
EndProject
Project("{2150E333-8FDC-42A3-9474-1A3956D46DE8}") = "04 - Tests", "04 - Tests", "{2F45755F-8A6A-4904-984A-154369472BA1}"
EndProject
Project("{FAE04EC0-301F-11D3-BF4B-00C04F79EFBC}") = "SD.IOC.Integration.MVC", "SD.IOC.Integration.MVC\SD.IOC.Integration.MVC.csproj", "{A055DC24-C2D0-4401-9AFB-0EDC3FCAC469}"
EndProject
Project("{FAE04EC0-301F-11D3-BF4B-00C04F79EFBC}") = "SD.IOC.Integration.WCF", "SD.IOC.Integration.WCF\SD.IOC.Integration.WCF.csproj", "{6DF15F4A-2CE8-468C-A659-49650C4C01C7}"
EndProject
Project("{FAE04EC0-301F-11D3-BF4B-00C04F79EFBC}") = "SD.IOC.Integration.WebApi", "SD.IOC.Integration.WebApi\SD.IOC.Integration.WebApi.csproj", "{0F47A784-7B75-4B2E-8F61-7B150C62C159}"
EndProject
Project("{FAE04EC0-301F-11D3-BF4B-00C04F79EFBC}") = "SD.IOC.StubImplement", "SD.IOC.StubImplement\SD.IOC.StubImplement.csproj", "{B8698D54-2A18-45C3-A390-F1885E56F5A0}"
EndProject
Project("{2150E333-8FDC-42A3-9474-1A3956D46DE8}") = "00 - Documentations", "00 - Documentations", "{4A3154E4-5F72-4501-BBD2-A870AEA4D4C6}"
	ProjectSection(SolutionItems) = preProject
		README.md = README.md
	EndProjectSection
EndProject
Project("{FAE04EC0-301F-11D3-BF4B-00C04F79EFBC}") = "SD.IOC.Integration.MVCTests", "SD.IOC.Integration.MVCTests\SD.IOC.Integration.MVCTests.csproj", "{7BBFCE82-2CBE-46AA-B108-7C5C736E4D8A}"
EndProject
Project("{FAE04EC0-301F-11D3-BF4B-00C04F79EFBC}") = "SD.IOC.Integration.WCFTests", "SD.IOC.Integration.WCFTests\SD.IOC.Integration.WCFTests.csproj", "{112EDD14-5B74-43FF-9B74-162A563BAE0A}"
EndProject
Project("{2150E333-8FDC-42A3-9474-1A3956D46DE8}") = "01 - Stubs", "01 - Stubs", "{F66A8467-FB9C-4BF8-BD4C-26372F14BB9F}"
EndProject
Project("{2150E333-8FDC-42A3-9474-1A3956D46DE8}") = "02 - UnitTests", "02 - UnitTests", "{1F665DC7-E40C-4ABC-910C-3B649C98151E}"
EndProject
Project("{2150E333-8FDC-42A3-9474-1A3956D46DE8}") = "03 - IntegrationTests", "03 - IntegrationTests", "{6011C8A1-C6A2-48F6-A5D9-A5A9953DD27D}"
EndProject
Global
	GlobalSection(SolutionConfigurationPlatforms) = preSolution
		Debug|Any CPU = Debug|Any CPU
		Release|Any CPU = Release|Any CPU
	EndGlobalSection
	GlobalSection(ProjectConfigurationPlatforms) = postSolution
		{04BFA4D7-86C8-4341-B34C-3F1D88D19827}.Debug|Any CPU.ActiveCfg = Debug|Any CPU
		{04BFA4D7-86C8-4341-B34C-3F1D88D19827}.Debug|Any CPU.Build.0 = Debug|Any CPU
		{04BFA4D7-86C8-4341-B34C-3F1D88D19827}.Release|Any CPU.ActiveCfg = Release|Any CPU
		{04BFA4D7-86C8-4341-B34C-3F1D88D19827}.Release|Any CPU.Build.0 = Release|Any CPU
		{891D9124-0462-4841-B1F6-8FFF2FD0B7BE}.Debug|Any CPU.ActiveCfg = Debug|Any CPU
		{891D9124-0462-4841-B1F6-8FFF2FD0B7BE}.Debug|Any CPU.Build.0 = Debug|Any CPU
		{891D9124-0462-4841-B1F6-8FFF2FD0B7BE}.Release|Any CPU.ActiveCfg = Release|Any CPU
		{891D9124-0462-4841-B1F6-8FFF2FD0B7BE}.Release|Any CPU.Build.0 = Release|Any CPU
		{C3129779-5C2F-4A43-BD2A-250DF71AF069}.Debug|Any CPU.ActiveCfg = Debug|Any CPU
		{C3129779-5C2F-4A43-BD2A-250DF71AF069}.Debug|Any CPU.Build.0 = Debug|Any CPU
		{C3129779-5C2F-4A43-BD2A-250DF71AF069}.Release|Any CPU.ActiveCfg = Release|Any CPU
		{C3129779-5C2F-4A43-BD2A-250DF71AF069}.Release|Any CPU.Build.0 = Release|Any CPU
		{B97B2940-B1AF-412E-8C6B-25BA148324BE}.Debug|Any CPU.ActiveCfg = Debug|Any CPU
		{B97B2940-B1AF-412E-8C6B-25BA148324BE}.Debug|Any CPU.Build.0 = Debug|Any CPU
		{B97B2940-B1AF-412E-8C6B-25BA148324BE}.Release|Any CPU.ActiveCfg = Release|Any CPU
		{B97B2940-B1AF-412E-8C6B-25BA148324BE}.Release|Any CPU.Build.0 = Release|Any CPU
		{A055DC24-C2D0-4401-9AFB-0EDC3FCAC469}.Debug|Any CPU.ActiveCfg = Debug|Any CPU
		{A055DC24-C2D0-4401-9AFB-0EDC3FCAC469}.Debug|Any CPU.Build.0 = Debug|Any CPU
		{A055DC24-C2D0-4401-9AFB-0EDC3FCAC469}.Release|Any CPU.ActiveCfg = Release|Any CPU
		{A055DC24-C2D0-4401-9AFB-0EDC3FCAC469}.Release|Any CPU.Build.0 = Release|Any CPU
		{6DF15F4A-2CE8-468C-A659-49650C4C01C7}.Debug|Any CPU.ActiveCfg = Debug|Any CPU
		{6DF15F4A-2CE8-468C-A659-49650C4C01C7}.Debug|Any CPU.Build.0 = Debug|Any CPU
		{6DF15F4A-2CE8-468C-A659-49650C4C01C7}.Release|Any CPU.ActiveCfg = Release|Any CPU
		{6DF15F4A-2CE8-468C-A659-49650C4C01C7}.Release|Any CPU.Build.0 = Release|Any CPU
		{0F47A784-7B75-4B2E-8F61-7B150C62C159}.Debug|Any CPU.ActiveCfg = Debug|Any CPU
		{0F47A784-7B75-4B2E-8F61-7B150C62C159}.Debug|Any CPU.Build.0 = Debug|Any CPU
		{0F47A784-7B75-4B2E-8F61-7B150C62C159}.Release|Any CPU.ActiveCfg = Release|Any CPU
		{0F47A784-7B75-4B2E-8F61-7B150C62C159}.Release|Any CPU.Build.0 = Release|Any CPU
		{B8698D54-2A18-45C3-A390-F1885E56F5A0}.Debug|Any CPU.ActiveCfg = Debug|Any CPU
		{B8698D54-2A18-45C3-A390-F1885E56F5A0}.Debug|Any CPU.Build.0 = Debug|Any CPU
		{B8698D54-2A18-45C3-A390-F1885E56F5A0}.Release|Any CPU.ActiveCfg = Release|Any CPU
		{B8698D54-2A18-45C3-A390-F1885E56F5A0}.Release|Any CPU.Build.0 = Release|Any CPU
		{7BBFCE82-2CBE-46AA-B108-7C5C736E4D8A}.Debug|Any CPU.ActiveCfg = Debug|Any CPU
		{7BBFCE82-2CBE-46AA-B108-7C5C736E4D8A}.Debug|Any CPU.Build.0 = Debug|Any CPU
		{7BBFCE82-2CBE-46AA-B108-7C5C736E4D8A}.Release|Any CPU.ActiveCfg = Release|Any CPU
		{7BBFCE82-2CBE-46AA-B108-7C5C736E4D8A}.Release|Any CPU.Build.0 = Release|Any CPU
		{112EDD14-5B74-43FF-9B74-162A563BAE0A}.Debug|Any CPU.ActiveCfg = Debug|Any CPU
		{112EDD14-5B74-43FF-9B74-162A563BAE0A}.Debug|Any CPU.Build.0 = Debug|Any CPU
		{112EDD14-5B74-43FF-9B74-162A563BAE0A}.Release|Any CPU.ActiveCfg = Release|Any CPU
		{112EDD14-5B74-43FF-9B74-162A563BAE0A}.Release|Any CPU.Build.0 = Release|Any CPU
	EndGlobalSection
	GlobalSection(SolutionProperties) = preSolution
		HideSolutionNode = FALSE
	EndGlobalSection
	GlobalSection(NestedProjects) = preSolution
		{04BFA4D7-86C8-4341-B34C-3F1D88D19827} = {F66A8467-FB9C-4BF8-BD4C-26372F14BB9F}
		{891D9124-0462-4841-B1F6-8FFF2FD0B7BE} = {93B7797F-9749-4A3E-B5D9-7FA5EC2F871D}
		{C3129779-5C2F-4A43-BD2A-250DF71AF069} = {1F665DC7-E40C-4ABC-910C-3B649C98151E}
		{B97B2940-B1AF-412E-8C6B-25BA148324BE} = {4BAAFFA2-5951-4C37-965E-74A2BD9C3542}
		{A055DC24-C2D0-4401-9AFB-0EDC3FCAC469} = {B583B9B8-0247-4CC5-BD19-74D268E2C37D}
		{6DF15F4A-2CE8-468C-A659-49650C4C01C7} = {B583B9B8-0247-4CC5-BD19-74D268E2C37D}
		{0F47A784-7B75-4B2E-8F61-7B150C62C159} = {B583B9B8-0247-4CC5-BD19-74D268E2C37D}
		{B8698D54-2A18-45C3-A390-F1885E56F5A0} = {F66A8467-FB9C-4BF8-BD4C-26372F14BB9F}
		{7BBFCE82-2CBE-46AA-B108-7C5C736E4D8A} = {6011C8A1-C6A2-48F6-A5D9-A5A9953DD27D}
		{112EDD14-5B74-43FF-9B74-162A563BAE0A} = {6011C8A1-C6A2-48F6-A5D9-A5A9953DD27D}
		{F66A8467-FB9C-4BF8-BD4C-26372F14BB9F} = {2F45755F-8A6A-4904-984A-154369472BA1}
		{1F665DC7-E40C-4ABC-910C-3B649C98151E} = {2F45755F-8A6A-4904-984A-154369472BA1}
		{6011C8A1-C6A2-48F6-A5D9-A5A9953DD27D} = {2F45755F-8A6A-4904-984A-154369472BA1}
	EndGlobalSection
EndGlobal
